// !$*UTF8*$!
{
	archiveVersion = 1;
	classes = {
	};
	objectVersion = 50;
	objects = {

/* Begin PBXBuildFile section */
		1033FEFE2110DDB3004F65C0 /* AppDelegate.swift in Sources */ = {isa = PBXBuildFile; fileRef = 1033FEFD2110DDB3004F65C0 /* AppDelegate.swift */; };
		1033FF002110DDB3004F65C0 /* ViewController.swift in Sources */ = {isa = PBXBuildFile; fileRef = 1033FEFF2110DDB3004F65C0 /* ViewController.swift */; };
		1033FF032110DDB3004F65C0 /* Main.storyboard in Resources */ = {isa = PBXBuildFile; fileRef = 1033FF012110DDB3004F65C0 /* Main.storyboard */; };
		1033FF052110DDB6004F65C0 /* Assets.xcassets in Resources */ = {isa = PBXBuildFile; fileRef = 1033FF042110DDB6004F65C0 /* Assets.xcassets */; };
		1033FF082110DDB6004F65C0 /* LaunchScreen.storyboard in Resources */ = {isa = PBXBuildFile; fileRef = 1033FF062110DDB6004F65C0 /* LaunchScreen.storyboard */; };
		1033FF132110DDB6004F65C0 /* ActorRecordingsTests.swift in Sources */ = {isa = PBXBuildFile; fileRef = 1033FF122110DDB6004F65C0 /* ActorRecordingsTests.swift */; };
		1033FF202110DE24004F65C0 /* Actorable.swift in Sources */ = {isa = PBXBuildFile; fileRef = 1033FF1F2110DE24004F65C0 /* Actorable.swift */; };
		1033FF222110DE36004F65C0 /* Commandable.swift in Sources */ = {isa = PBXBuildFile; fileRef = 1033FF212110DE36004F65C0 /* Commandable.swift */; };
		1033FF242110DE4F004F65C0 /* ActorDriver.swift in Sources */ = {isa = PBXBuildFile; fileRef = 1033FF232110DE4F004F65C0 /* ActorDriver.swift */; };
		1033FF262110DEA5004F65C0 /* AnyActorDriver.swift in Sources */ = {isa = PBXBuildFile; fileRef = 1033FF252110DEA5004F65C0 /* AnyActorDriver.swift */; };
		1033FF282110DEC8004F65C0 /* Messagable.swift in Sources */ = {isa = PBXBuildFile; fileRef = 1033FF272110DEC8004F65C0 /* Messagable.swift */; };
		10C2F0502110E16600B5C123 /* RecordingsViewController.swift in Sources */ = {isa = PBXBuildFile; fileRef = 10C2F04E2110E16600B5C123 /* RecordingsViewController.swift */; };
		10C2F0512110E16600B5C123 /* RecordingsViewController.xib in Resources */ = {isa = PBXBuildFile; fileRef = 10C2F04F2110E16600B5C123 /* RecordingsViewController.xib */; };
		10C2F0532110E19500B5C123 /* RecordingsScreen.swift in Sources */ = {isa = PBXBuildFile; fileRef = 10C2F0522110E19500B5C123 /* RecordingsScreen.swift */; };
		10C2F0562110E7EB00B5C123 /* FileManagerable.swift in Sources */ = {isa = PBXBuildFile; fileRef = 10C2F0552110E7EB00B5C123 /* FileManagerable.swift */; };
		10C2F0582110EED700B5C123 /* RecordingsTableDelegate.swift in Sources */ = {isa = PBXBuildFile; fileRef = 10C2F0572110EED700B5C123 /* RecordingsTableDelegate.swift */; };
/* End PBXBuildFile section */

/* Begin PBXContainerItemProxy section */
		1033FF0F2110DDB6004F65C0 /* PBXContainerItemProxy */ = {
			isa = PBXContainerItemProxy;
			containerPortal = 1033FEF22110DDB3004F65C0 /* Project object */;
			proxyType = 1;
			remoteGlobalIDString = 1033FEF92110DDB3004F65C0;
			remoteInfo = ActorRecordings;
		};
/* End PBXContainerItemProxy section */

/* Begin PBXFileReference section */
		1033FEFA2110DDB3004F65C0 /* ActorRecordings.app */ = {isa = PBXFileReference; explicitFileType = wrapper.application; includeInIndex = 0; path = ActorRecordings.app; sourceTree = BUILT_PRODUCTS_DIR; };
		1033FEFD2110DDB3004F65C0 /* AppDelegate.swift */ = {isa = PBXFileReference; lastKnownFileType = sourcecode.swift; path = AppDelegate.swift; sourceTree = "<group>"; };
		1033FEFF2110DDB3004F65C0 /* ViewController.swift */ = {isa = PBXFileReference; lastKnownFileType = sourcecode.swift; path = ViewController.swift; sourceTree = "<group>"; };
		1033FF022110DDB3004F65C0 /* Base */ = {isa = PBXFileReference; lastKnownFileType = file.storyboard; name = Base; path = Base.lproj/Main.storyboard; sourceTree = "<group>"; };
		1033FF042110DDB6004F65C0 /* Assets.xcassets */ = {isa = PBXFileReference; lastKnownFileType = folder.assetcatalog; path = Assets.xcassets; sourceTree = "<group>"; };
		1033FF072110DDB6004F65C0 /* Base */ = {isa = PBXFileReference; lastKnownFileType = file.storyboard; name = Base; path = Base.lproj/LaunchScreen.storyboard; sourceTree = "<group>"; };
		1033FF092110DDB6004F65C0 /* Info.plist */ = {isa = PBXFileReference; lastKnownFileType = text.plist.xml; path = Info.plist; sourceTree = "<group>"; };
		1033FF0E2110DDB6004F65C0 /* ActorRecordingsTests.xctest */ = {isa = PBXFileReference; explicitFileType = wrapper.cfbundle; includeInIndex = 0; path = ActorRecordingsTests.xctest; sourceTree = BUILT_PRODUCTS_DIR; };
		1033FF122110DDB6004F65C0 /* ActorRecordingsTests.swift */ = {isa = PBXFileReference; lastKnownFileType = sourcecode.swift; path = ActorRecordingsTests.swift; sourceTree = "<group>"; };
		1033FF142110DDB6004F65C0 /* Info.plist */ = {isa = PBXFileReference; lastKnownFileType = text.plist.xml; path = Info.plist; sourceTree = "<group>"; };
		1033FF1F2110DE24004F65C0 /* Actorable.swift */ = {isa = PBXFileReference; lastKnownFileType = sourcecode.swift; path = Actorable.swift; sourceTree = "<group>"; };
		1033FF212110DE36004F65C0 /* Commandable.swift */ = {isa = PBXFileReference; lastKnownFileType = sourcecode.swift; path = Commandable.swift; sourceTree = "<group>"; };
		1033FF232110DE4F004F65C0 /* ActorDriver.swift */ = {isa = PBXFileReference; lastKnownFileType = sourcecode.swift; path = ActorDriver.swift; sourceTree = "<group>"; };
		1033FF252110DEA5004F65C0 /* AnyActorDriver.swift */ = {isa = PBXFileReference; lastKnownFileType = sourcecode.swift; path = AnyActorDriver.swift; sourceTree = "<group>"; };
		1033FF272110DEC8004F65C0 /* Messagable.swift */ = {isa = PBXFileReference; lastKnownFileType = sourcecode.swift; path = Messagable.swift; sourceTree = "<group>"; };
		10C2F04E2110E16600B5C123 /* RecordingsViewController.swift */ = {isa = PBXFileReference; lastKnownFileType = sourcecode.swift; path = RecordingsViewController.swift; sourceTree = "<group>"; };
		10C2F04F2110E16600B5C123 /* RecordingsViewController.xib */ = {isa = PBXFileReference; lastKnownFileType = file.xib; path = RecordingsViewController.xib; sourceTree = "<group>"; };
		10C2F0522110E19500B5C123 /* RecordingsScreen.swift */ = {isa = PBXFileReference; lastKnownFileType = sourcecode.swift; path = RecordingsScreen.swift; sourceTree = "<group>"; };
		10C2F0552110E7EB00B5C123 /* FileManagerable.swift */ = {isa = PBXFileReference; lastKnownFileType = sourcecode.swift; path = FileManagerable.swift; sourceTree = "<group>"; };
		10C2F0572110EED700B5C123 /* RecordingsTableDelegate.swift */ = {isa = PBXFileReference; lastKnownFileType = sourcecode.swift; path = RecordingsTableDelegate.swift; sourceTree = "<group>"; };
/* End PBXFileReference section */

/* Begin PBXFrameworksBuildPhase section */
		1033FEF72110DDB3004F65C0 /* Frameworks */ = {
			isa = PBXFrameworksBuildPhase;
			buildActionMask = 2147483647;
			files = (
			);
			runOnlyForDeploymentPostprocessing = 0;
		};
		1033FF0B2110DDB6004F65C0 /* Frameworks */ = {
			isa = PBXFrameworksBuildPhase;
			buildActionMask = 2147483647;
			files = (
			);
			runOnlyForDeploymentPostprocessing = 0;
		};
/* End PBXFrameworksBuildPhase section */

/* Begin PBXGroup section */
		1033FEF12110DDB3004F65C0 = {
			isa = PBXGroup;
			children = (
				1033FEFC2110DDB3004F65C0 /* ActorRecordings */,
				1033FF112110DDB6004F65C0 /* ActorRecordingsTests */,
				1033FEFB2110DDB3004F65C0 /* Products */,
			);
			sourceTree = "<group>";
		};
		1033FEFB2110DDB3004F65C0 /* Products */ = {
			isa = PBXGroup;
			children = (
				1033FEFA2110DDB3004F65C0 /* ActorRecordings.app */,
				1033FF0E2110DDB6004F65C0 /* ActorRecordingsTests.xctest */,
			);
			name = Products;
			sourceTree = "<group>";
		};
		1033FEFC2110DDB3004F65C0 /* ActorRecordings */ = {
			isa = PBXGroup;
			children = (
				10C2F0542110E7DD00B5C123 /* Protocols */,
				1033FF1E2110DDCD004F65C0 /* RecordingsScreen */,
				1033FF1D2110DDBD004F65C0 /* ActorFoundation */,
				1033FEFD2110DDB3004F65C0 /* AppDelegate.swift */,
				1033FEFF2110DDB3004F65C0 /* ViewController.swift */,
				1033FF012110DDB3004F65C0 /* Main.storyboard */,
				1033FF042110DDB6004F65C0 /* Assets.xcassets */,
				1033FF062110DDB6004F65C0 /* LaunchScreen.storyboard */,
				1033FF092110DDB6004F65C0 /* Info.plist */,
			);
			path = ActorRecordings;
			sourceTree = "<group>";
		};
		1033FF112110DDB6004F65C0 /* ActorRecordingsTests */ = {
			isa = PBXGroup;
			children = (
				1033FF122110DDB6004F65C0 /* ActorRecordingsTests.swift */,
				1033FF142110DDB6004F65C0 /* Info.plist */,
			);
			path = ActorRecordingsTests;
			sourceTree = "<group>";
		};
		1033FF1D2110DDBD004F65C0 /* ActorFoundation */ = {
			isa = PBXGroup;
			children = (
				1033FF1F2110DE24004F65C0 /* Actorable.swift */,
				1033FF212110DE36004F65C0 /* Commandable.swift */,
				1033FF272110DEC8004F65C0 /* Messagable.swift */,
				1033FF232110DE4F004F65C0 /* ActorDriver.swift */,
				1033FF252110DEA5004F65C0 /* AnyActorDriver.swift */,
			);
			path = ActorFoundation;
			sourceTree = "<group>";
		};
		1033FF1E2110DDCD004F65C0 /* RecordingsScreen */ = {
			isa = PBXGroup;
			children = (
				10C2F0522110E19500B5C123 /* RecordingsScreen.swift */,
				10C2F04E2110E16600B5C123 /* RecordingsViewController.swift */,
				10C2F04F2110E16600B5C123 /* RecordingsViewController.xib */,
				10C2F0572110EED700B5C123 /* RecordingsTableDelegate.swift */,
			);
			path = RecordingsScreen;
			sourceTree = "<group>";
		};
		10C2F0542110E7DD00B5C123 /* Protocols */ = {
			isa = PBXGroup;
			children = (
				10C2F0552110E7EB00B5C123 /* FileManagerable.swift */,
			);
			path = Protocols;
			sourceTree = "<group>";
		};
/* End PBXGroup section */

/* Begin PBXNativeTarget section */
		1033FEF92110DDB3004F65C0 /* ActorRecordings */ = {
			isa = PBXNativeTarget;
			buildConfigurationList = 1033FF172110DDB6004F65C0 /* Build configuration list for PBXNativeTarget "ActorRecordings" */;
			buildPhases = (
				1033FEF62110DDB3004F65C0 /* Sources */,
				1033FEF72110DDB3004F65C0 /* Frameworks */,
				1033FEF82110DDB3004F65C0 /* Resources */,
			);
			buildRules = (
			);
			dependencies = (
			);
			name = ActorRecordings;
			productName = ActorRecordings;
			productReference = 1033FEFA2110DDB3004F65C0 /* ActorRecordings.app */;
			productType = "com.apple.product-type.application";
		};
		1033FF0D2110DDB6004F65C0 /* ActorRecordingsTests */ = {
			isa = PBXNativeTarget;
			buildConfigurationList = 1033FF1A2110DDB6004F65C0 /* Build configuration list for PBXNativeTarget "ActorRecordingsTests" */;
			buildPhases = (
				1033FF0A2110DDB6004F65C0 /* Sources */,
				1033FF0B2110DDB6004F65C0 /* Frameworks */,
				1033FF0C2110DDB6004F65C0 /* Resources */,
			);
			buildRules = (
			);
			dependencies = (
				1033FF102110DDB6004F65C0 /* PBXTargetDependency */,
			);
			name = ActorRecordingsTests;
			productName = ActorRecordingsTests;
			productReference = 1033FF0E2110DDB6004F65C0 /* ActorRecordingsTests.xctest */;
			productType = "com.apple.product-type.bundle.unit-test";
		};
/* End PBXNativeTarget section */

/* Begin PBXProject section */
		1033FEF22110DDB3004F65C0 /* Project object */ = {
			isa = PBXProject;
			attributes = {
				LastSwiftUpdateCheck = 1000;
				LastUpgradeCheck = 1000;
				ORGANIZATIONNAME = "Bartosz Polaczyk";
				TargetAttributes = {
					1033FEF92110DDB3004F65C0 = {
						CreatedOnToolsVersion = 10.0;
					};
					1033FF0D2110DDB6004F65C0 = {
						CreatedOnToolsVersion = 10.0;
						TestTargetID = 1033FEF92110DDB3004F65C0;
					};
				};
			};
			buildConfigurationList = 1033FEF52110DDB3004F65C0 /* Build configuration list for PBXProject "ActorRecordings" */;
			compatibilityVersion = "Xcode 9.3";
			developmentRegion = en;
			hasScannedForEncodings = 0;
			knownRegions = (
				en,
				Base,
			);
			mainGroup = 1033FEF12110DDB3004F65C0;
			productRefGroup = 1033FEFB2110DDB3004F65C0 /* Products */;
			projectDirPath = "";
			projectRoot = "";
			targets = (
				1033FEF92110DDB3004F65C0 /* ActorRecordings */,
				1033FF0D2110DDB6004F65C0 /* ActorRecordingsTests */,
			);
		};
/* End PBXProject section */

/* Begin PBXResourcesBuildPhase section */
		1033FEF82110DDB3004F65C0 /* Resources */ = {
			isa = PBXResourcesBuildPhase;
			buildActionMask = 2147483647;
			files = (
				10C2F0512110E16600B5C123 /* RecordingsViewController.xib in Resources */,
				1033FF082110DDB6004F65C0 /* LaunchScreen.storyboard in Resources */,
				1033FF052110DDB6004F65C0 /* Assets.xcassets in Resources */,
				1033FF032110DDB3004F65C0 /* Main.storyboard in Resources */,
			);
			runOnlyForDeploymentPostprocessing = 0;
		};
		1033FF0C2110DDB6004F65C0 /* Resources */ = {
			isa = PBXResourcesBuildPhase;
			buildActionMask = 2147483647;
			files = (
			);
			runOnlyForDeploymentPostprocessing = 0;
		};
/* End PBXResourcesBuildPhase section */

/* Begin PBXSourcesBuildPhase section */
		1033FEF62110DDB3004F65C0 /* Sources */ = {
			isa = PBXSourcesBuildPhase;
			buildActionMask = 2147483647;
			files = (
				10C2F0502110E16600B5C123 /* RecordingsViewController.swift in Sources */,
				1033FF242110DE4F004F65C0 /* ActorDriver.swift in Sources */,
				1033FF002110DDB3004F65C0 /* ViewController.swift in Sources */,
				10C2F0562110E7EB00B5C123 /* FileManagerable.swift in Sources */,
				10C2F0532110E19500B5C123 /* RecordingsScreen.swift in Sources */,
				1033FF262110DEA5004F65C0 /* AnyActorDriver.swift in Sources */,
				1033FF282110DEC8004F65C0 /* Messagable.swift in Sources */,
				1033FF202110DE24004F65C0 /* Actorable.swift in Sources */,
				10C2F0582110EED700B5C123 /* RecordingsTableDelegate.swift in Sources */,
				1033FEFE2110DDB3004F65C0 /* AppDelegate.swift in Sources */,
				1033FF222110DE36004F65C0 /* Commandable.swift in Sources */,
			);
			runOnlyForDeploymentPostprocessing = 0;
		};
		1033FF0A2110DDB6004F65C0 /* Sources */ = {
			isa = PBXSourcesBuildPhase;
			buildActionMask = 2147483647;
			files = (
				1033FF132110DDB6004F65C0 /* ActorRecordingsTests.swift in Sources */,
			);
			runOnlyForDeploymentPostprocessing = 0;
		};
/* End PBXSourcesBuildPhase section */

/* Begin PBXTargetDependency section */
		1033FF102110DDB6004F65C0 /* PBXTargetDependency */ = {
			isa = PBXTargetDependency;
			target = 1033FEF92110DDB3004F65C0 /* ActorRecordings */;
			targetProxy = 1033FF0F2110DDB6004F65C0 /* PBXContainerItemProxy */;
		};
/* End PBXTargetDependency section */

/* Begin PBXVariantGroup section */
		1033FF012110DDB3004F65C0 /* Main.storyboard */ = {
			isa = PBXVariantGroup;
			children = (
				1033FF022110DDB3004F65C0 /* Base */,
			);
			name = Main.storyboard;
			sourceTree = "<group>";
		};
		1033FF062110DDB6004F65C0 /* LaunchScreen.storyboard */ = {
			isa = PBXVariantGroup;
			children = (
				1033FF072110DDB6004F65C0 /* Base */,
			);
			name = LaunchScreen.storyboard;
			sourceTree = "<group>";
		};
/* End PBXVariantGroup section */

/* Begin XCBuildConfiguration section */
		1033FF152110DDB6004F65C0 /* Debug */ = {
			isa = XCBuildConfiguration;
			buildSettings = {
				ALWAYS_SEARCH_USER_PATHS = NO;
				CLANG_ANALYZER_NONNULL = YES;
				CLANG_ANALYZER_NUMBER_OBJECT_CONVERSION = YES_AGGRESSIVE;
				CLANG_CXX_LANGUAGE_STANDARD = "gnu++14";
				CLANG_CXX_LIBRARY = "libc++";
				CLANG_ENABLE_MODULES = YES;
				CLANG_ENABLE_OBJC_ARC = YES;
				CLANG_ENABLE_OBJC_WEAK = YES;
				CLANG_WARN_BLOCK_CAPTURE_AUTORELEASING = YES;
				CLANG_WARN_BOOL_CONVERSION = YES;
				CLANG_WARN_COMMA = YES;
				CLANG_WARN_CONSTANT_CONVERSION = YES;
				CLANG_WARN_DEPRECATED_OBJC_IMPLEMENTATIONS = YES;
				CLANG_WARN_DIRECT_OBJC_ISA_USAGE = YES_ERROR;
				CLANG_WARN_DOCUMENTATION_COMMENTS = YES;
				CLANG_WARN_EMPTY_BODY = YES;
				CLANG_WARN_ENUM_CONVERSION = YES;
				CLANG_WARN_INFINITE_RECURSION = YES;
				CLANG_WARN_INT_CONVERSION = YES;
				CLANG_WARN_NON_LITERAL_NULL_CONVERSION = YES;
				CLANG_WARN_OBJC_IMPLICIT_RETAIN_SELF = YES;
				CLANG_WARN_OBJC_LITERAL_CONVERSION = YES;
				CLANG_WARN_OBJC_ROOT_CLASS = YES_ERROR;
				CLANG_WARN_RANGE_LOOP_ANALYSIS = YES;
				CLANG_WARN_STRICT_PROTOTYPES = YES;
				CLANG_WARN_SUSPICIOUS_MOVE = YES;
				CLANG_WARN_UNGUARDED_AVAILABILITY = YES_AGGRESSIVE;
				CLANG_WARN_UNREACHABLE_CODE = YES;
				CLANG_WARN__DUPLICATE_METHOD_MATCH = YES;
				CODE_SIGN_IDENTITY = "iPhone Developer";
				COPY_PHASE_STRIP = NO;
				DEBUG_INFORMATION_FORMAT = dwarf;
				ENABLE_STRICT_OBJC_MSGSEND = YES;
				ENABLE_TESTABILITY = YES;
				GCC_C_LANGUAGE_STANDARD = gnu11;
				GCC_DYNAMIC_NO_PIC = NO;
				GCC_NO_COMMON_BLOCKS = YES;
				GCC_OPTIMIZATION_LEVEL = 0;
				GCC_PREPROCESSOR_DEFINITIONS = (
					"DEBUG=1",
					"$(inherited)",
				);
				GCC_WARN_64_TO_32_BIT_CONVERSION = YES;
				GCC_WARN_ABOUT_RETURN_TYPE = YES_ERROR;
				GCC_WARN_UNDECLARED_SELECTOR = YES;
				GCC_WARN_UNINITIALIZED_AUTOS = YES_AGGRESSIVE;
				GCC_WARN_UNUSED_FUNCTION = YES;
				GCC_WARN_UNUSED_VARIABLE = YES;
				IPHONEOS_DEPLOYMENT_TARGET = 12.0;
				MTL_ENABLE_DEBUG_INFO = INCLUDE_SOURCE;
				ONLY_ACTIVE_ARCH = YES;
				SDKROOT = iphoneos;
				SWIFT_ACTIVE_COMPILATION_CONDITIONS = DEBUG;
				SWIFT_OPTIMIZATION_LEVEL = "-Onone";
			};
			name = Debug;
		};
		1033FF162110DDB6004F65C0 /* Release */ = {
			isa = XCBuildConfiguration;
			buildSettings = {
				ALWAYS_SEARCH_USER_PATHS = NO;
				CLANG_ANALYZER_NONNULL = YES;
				CLANG_ANALYZER_NUMBER_OBJECT_CONVERSION = YES_AGGRESSIVE;
				CLANG_CXX_LANGUAGE_STANDARD = "gnu++14";
				CLANG_CXX_LIBRARY = "libc++";
				CLANG_ENABLE_MODULES = YES;
				CLANG_ENABLE_OBJC_ARC = YES;
				CLANG_ENABLE_OBJC_WEAK = YES;
				CLANG_WARN_BLOCK_CAPTURE_AUTORELEASING = YES;
				CLANG_WARN_BOOL_CONVERSION = YES;
				CLANG_WARN_COMMA = YES;
				CLANG_WARN_CONSTANT_CONVERSION = YES;
				CLANG_WARN_DEPRECATED_OBJC_IMPLEMENTATIONS = YES;
				CLANG_WARN_DIRECT_OBJC_ISA_USAGE = YES_ERROR;
				CLANG_WARN_DOCUMENTATION_COMMENTS = YES;
				CLANG_WARN_EMPTY_BODY = YES;
				CLANG_WARN_ENUM_CONVERSION = YES;
				CLANG_WARN_INFINITE_RECURSION = YES;
				CLANG_WARN_INT_CONVERSION = YES;
				CLANG_WARN_NON_LITERAL_NULL_CONVERSION = YES;
				CLANG_WARN_OBJC_IMPLICIT_RETAIN_SELF = YES;
				CLANG_WARN_OBJC_LITERAL_CONVERSION = YES;
				CLANG_WARN_OBJC_ROOT_CLASS = YES_ERROR;
				CLANG_WARN_RANGE_LOOP_ANALYSIS = YES;
				CLANG_WARN_STRICT_PROTOTYPES = YES;
				CLANG_WARN_SUSPICIOUS_MOVE = YES;
				CLANG_WARN_UNGUARDED_AVAILABILITY = YES_AGGRESSIVE;
				CLANG_WARN_UNREACHABLE_CODE = YES;
				CLANG_WARN__DUPLICATE_METHOD_MATCH = YES;
				CODE_SIGN_IDENTITY = "iPhone Developer";
				COPY_PHASE_STRIP = NO;
				DEBUG_INFORMATION_FORMAT = "dwarf-with-dsym";
				ENABLE_NS_ASSERTIONS = NO;
				ENABLE_STRICT_OBJC_MSGSEND = YES;
				GCC_C_LANGUAGE_STANDARD = gnu11;
				GCC_NO_COMMON_BLOCKS = YES;
				GCC_WARN_64_TO_32_BIT_CONVERSION = YES;
				GCC_WARN_ABOUT_RETURN_TYPE = YES_ERROR;
				GCC_WARN_UNDECLARED_SELECTOR = YES;
				GCC_WARN_UNINITIALIZED_AUTOS = YES_AGGRESSIVE;
				GCC_WARN_UNUSED_FUNCTION = YES;
				GCC_WARN_UNUSED_VARIABLE = YES;
				IPHONEOS_DEPLOYMENT_TARGET = 12.0;
				MTL_ENABLE_DEBUG_INFO = NO;
				SDKROOT = iphoneos;
				SWIFT_COMPILATION_MODE = wholemodule;
				SWIFT_OPTIMIZATION_LEVEL = "-O";
				VALIDATE_PRODUCT = YES;
			};
			name = Release;
		};
		1033FF182110DDB6004F65C0 /* Debug */ = {
			isa = XCBuildConfiguration;
			buildSettings = {
				ASSETCATALOG_COMPILER_APPICON_NAME = AppIcon;
				CODE_SIGN_STYLE = Automatic;
				INFOPLIST_FILE = ActorRecordings/Info.plist;
				LD_RUNPATH_SEARCH_PATHS = (
					"$(inherited)",
					"@executable_path/Frameworks",
				);
				PRODUCT_BUNDLE_IDENTIFIER = com.polaczyk.ActorRecordings;
				PRODUCT_NAME = "$(TARGET_NAME)";
				SWIFT_VERSION = 4.2;
				TARGETED_DEVICE_FAMILY = "1,2";
			};
			name = Debug;
		};
		1033FF192110DDB6004F65C0 /* Release */ = {
			isa = XCBuildConfiguration;
			buildSettings = {
				ASSETCATALOG_COMPILER_APPICON_NAME = AppIcon;
				CODE_SIGN_STYLE = Automatic;
				INFOPLIST_FILE = ActorRecordings/Info.plist;
				LD_RUNPATH_SEARCH_PATHS = (
					"$(inherited)",
					"@executable_path/Frameworks",
				);
				PRODUCT_BUNDLE_IDENTIFIER = com.polaczyk.ActorRecordings;
				PRODUCT_NAME = "$(TARGET_NAME)";
				SWIFT_VERSION = 4.2;
				TARGETED_DEVICE_FAMILY = "1,2";
			};
			name = Release;
		};
		1033FF1B2110DDB6004F65C0 /* Debug */ = {
			isa = XCBuildConfiguration;
			buildSettings = {
				ALWAYS_EMBED_SWIFT_STANDARD_LIBRARIES = YES;
				BUNDLE_LOADER = "$(TEST_HOST)";
				CODE_SIGN_STYLE = Automatic;
				INFOPLIST_FILE = ActorRecordingsTests/Info.plist;
				LD_RUNPATH_SEARCH_PATHS = (
					"$(inherited)",
					"@executable_path/Frameworks",
					"@loader_path/Frameworks",
				);
				PRODUCT_BUNDLE_IDENTIFIER = com.polaczyk.ActorRecordingsTests;
				PRODUCT_NAME = "$(TARGET_NAME)";
				SWIFT_VERSION = 4.2;
				TARGETED_DEVICE_FAMILY = "1,2";
				TEST_HOST = "$(BUILT_PRODUCTS_DIR)/ActorRecordings.app/ActorRecordings";
			};
			name = Debug;
		};
		1033FF1C2110DDB6004F65C0 /* Release */ = {
			isa = XCBuildConfiguration;
			buildSettings = {
				ALWAYS_EMBED_SWIFT_STANDARD_LIBRARIES = YES;
				BUNDLE_LOADER = "$(TEST_HOST)";
				CODE_SIGN_STYLE = Automatic;
				INFOPLIST_FILE = ActorRecordingsTests/Info.plist;
				LD_RUNPATH_SEARCH_PATHS = (
					"$(inherited)",
					"@executable_path/Frameworks",
					"@loader_path/Frameworks",
				);
				PRODUCT_BUNDLE_IDENTIFIER = com.polaczyk.ActorRecordingsTests;
				PRODUCT_NAME = "$(TARGET_NAME)";
				SWIFT_VERSION = 4.2;
				TARGETED_DEVICE_FAMILY = "1,2";
				TEST_HOST = "$(BUILT_PRODUCTS_DIR)/ActorRecordings.app/ActorRecordings";
			};
			name = Release;
		};
/* End XCBuildConfiguration section */

/* Begin XCConfigurationList section */
		1033FEF52110DDB3004F65C0 /* Build configuration list for PBXProject "ActorRecordings" */ = {
			isa = XCConfigurationList;
			buildConfigurations = (
				1033FF152110DDB6004F65C0 /* Debug */,
				1033FF162110DDB6004F65C0 /* Release */,
			);
			defaultConfigurationIsVisible = 0;
			defaultConfigurationName = Release;
		};
		1033FF172110DDB6004F65C0 /* Build configuration list for PBXNativeTarget "ActorRecordings" */ = {
			isa = XCConfigurationList;
			buildConfigurations = (
				1033FF182110DDB6004F65C0 /* Debug */,
				1033FF192110DDB6004F65C0 /* Release */,
			);
			defaultConfigurationIsVisible = 0;
			defaultConfigurationName = Release;
		};
		1033FF1A2110DDB6004F65C0 /* Build configuration list for PBXNativeTarget "ActorRecordingsTests" */ = {
			isa = XCConfigurationList;
			buildConfigurations = (
				1033FF1B2110DDB6004F65C0 /* Debug */,
				1033FF1C2110DDB6004F65C0 /* Release */,
			);
			defaultConfigurationIsVisible = 0;
			defaultConfigurationName = Release;
		};
/* End XCConfigurationList section */
	};
	rootObject = 1033FEF22110DDB3004F65C0 /* Project object */;
}
